
Microsoft Visual Studio Solution File, Format Version 12.00
# Visual Studio Version 16
VisualStudioVersion = 16.0.29911.84
MinimumVisualStudioVersion = 10.0.40219.1
Project("{9A19103F-16F7-4668-BE54-9A1E7A4F7556}") = "SignalRChat", "SignalRChat\SignalRChat.csproj", "{D6136BA0-EF21-47F1-94D3-ABFC0E3FFAE2}"
EndProject
Project("{9A19103F-16F7-4668-BE54-9A1E7A4F7556}") = "App1", "App1\App1.csproj", "{486B877C-9649-4354-818C-175E7A0A4D9E}"
EndProject
Project("{9A19103F-16F7-4668-BE54-9A1E7A4F7556}") = "WebApp1", "WebApp1\WebApp1.csproj", "{796A2A38-1904-410F-863E-04A233A76853}"
EndProject
Project("{FAE04EC0-301F-11D3-BF4B-00C04F79EFBC}") = "Simulador", "Simulador\Simulador.csproj", "{3242469F-C19C-46F0-89A9-40FB239BF0FE}"
EndProject
Global
	GlobalSection(SolutionConfigurationPlatforms) = preSolution
		Debug|Any CPU = Debug|Any CPU
		Release|Any CPU = Release|Any CPU
	EndGlobalSection
	GlobalSection(ProjectConfigurationPlatforms) = postSolution
		{D6136BA0-EF21-47F1-94D3-ABFC0E3FFAE2}.Debug|Any CPU.ActiveCfg = Debug|Any CPU
		{D6136BA0-EF21-47F1-94D3-ABFC0E3FFAE2}.Debug|Any CPU.Build.0 = Debug|Any CPU
		{D6136BA0-EF21-47F1-94D3-ABFC0E3FFAE2}.Release|Any CPU.ActiveCfg = Release|Any CPU
		{D6136BA0-EF21-47F1-94D3-ABFC0E3FFAE2}.Release|Any CPU.Build.0 = Release|Any CPU
		{486B877C-9649-4354-818C-175E7A0A4D9E}.Debug|Any CPU.ActiveCfg = Debug|Any CPU
		{486B877C-9649-4354-818C-175E7A0A4D9E}.Debug|Any CPU.Build.0 = Debug|Any CPU
		{486B877C-9649-4354-818C-175E7A0A4D9E}.Release|Any CPU.ActiveCfg = Release|Any CPU
		{486B877C-9649-4354-818C-175E7A0A4D9E}.Release|Any CPU.Build.0 = Release|Any CPU
		{796A2A38-1904-410F-863E-04A233A76853}.Debug|Any CPU.ActiveCfg = Debug|Any CPU
		{796A2A38-1904-410F-863E-04A233A76853}.Debug|Any CPU.Build.0 = Debug|Any CPU
		{796A2A38-1904-410F-863E-04A233A76853}.Release|Any CPU.ActiveCfg = Release|Any CPU
		{796A2A38-1904-410F-863E-04A233A76853}.Release|Any CPU.Build.0 = Release|Any CPU
		{3242469F-C19C-46F0-89A9-40FB239BF0FE}.Debug|Any CPU.ActiveCfg = Debug|Any CPU
		{3242469F-C19C-46F0-89A9-40FB239BF0FE}.Debug|Any CPU.Build.0 = Debug|Any CPU
		{3242469F-C19C-46F0-89A9-40FB239BF0FE}.Release|Any CPU.ActiveCfg = Release|Any CPU
		{3242469F-C19C-46F0-89A9-40FB239BF0FE}.Release|Any CPU.Build.0 = Release|Any CPU
	EndGlobalSection
	GlobalSection(SolutionProperties) = preSolution
		HideSolutionNode = FALSE
	EndGlobalSection
	GlobalSection(ExtensibilityGlobals) = postSolution
		SolutionGuid = {24B12822-7B9F-4B54-AB3C-A8B9F48D6391}
	EndGlobalSection
EndGlobal
