
Microsoft Visual Studio Solution File, Format Version 12.00
# Visual Studio Version 16
VisualStudioVersion = 16.0.30002.166
MinimumVisualStudioVersion = 10.0.40219.1
Project("{9A19103F-16F7-4668-BE54-9A1E7A4F7556}") = "Teste", "Teste\Teste.csproj", "{7119CD88-FCB7-4D90-97CD-A3BEF3550FBA}"
EndProject
Project("{9A19103F-16F7-4668-BE54-9A1E7A4F7556}") = "API", "API\API.csproj", "{F043908D-F84F-4AE6-9E0C-F23EB4A0511A}"
EndProject
Global
	GlobalSection(SolutionConfigurationPlatforms) = preSolution
		Debug|Any CPU = Debug|Any CPU
		Release|Any CPU = Release|Any CPU
	EndGlobalSection
	GlobalSection(ProjectConfigurationPlatforms) = postSolution
		{7119CD88-FCB7-4D90-97CD-A3BEF3550FBA}.Debug|Any CPU.ActiveCfg = Debug|Any CPU
		{7119CD88-FCB7-4D90-97CD-A3BEF3550FBA}.Debug|Any CPU.Build.0 = Debug|Any CPU
		{7119CD88-FCB7-4D90-97CD-A3BEF3550FBA}.Release|Any CPU.ActiveCfg = Release|Any CPU
		{7119CD88-FCB7-4D90-97CD-A3BEF3550FBA}.Release|Any CPU.Build.0 = Release|Any CPU
		{F043908D-F84F-4AE6-9E0C-F23EB4A0511A}.Debug|Any CPU.ActiveCfg = Debug|Any CPU
		{F043908D-F84F-4AE6-9E0C-F23EB4A0511A}.Debug|Any CPU.Build.0 = Debug|Any CPU
		{F043908D-F84F-4AE6-9E0C-F23EB4A0511A}.Release|Any CPU.ActiveCfg = Release|Any CPU
		{F043908D-F84F-4AE6-9E0C-F23EB4A0511A}.Release|Any CPU.Build.0 = Release|Any CPU
	EndGlobalSection
	GlobalSection(SolutionProperties) = preSolution
		HideSolutionNode = FALSE
	EndGlobalSection
	GlobalSection(ExtensibilityGlobals) = postSolution
		SolutionGuid = {39A65B5E-7296-4A6D-9A82-20C2FF074800}
	EndGlobalSection
EndGlobal
